// !$*UTF8*$!
{
	archiveVersion = 1;
	classes = {
	};
	objectVersion = 77;
	objects = {

/* Begin PBXBuildFile section */
		078037258161391163E30EE1 /* SnapshotTesting in Frameworks */ = {isa = PBXBuildFile; productRef = 9EFB1EB61338F8300F9B800A /* SnapshotTesting */; };
		0A180D06E12A5978BF8F2B16 /* FileOperation.swift in Sources */ = {isa = PBXBuildFile; fileRef = 7FDA53619E1DC972A8C478F5 /* FileOperation.swift */; };
		0AA16FCDBD2F27B146DBBE47 /* LocalProviderTests.swift in Sources */ = {isa = PBXBuildFile; fileRef = 2A867997FAE4C66F43D14EAA /* LocalProviderTests.swift */; };
		0F6DA42A62DD58912A26D07F /* SnapshotTests.swift in Sources */ = {isa = PBXBuildFile; fileRef = 0C258159133504A712DDC6B8 /* SnapshotTests.swift */; };
		1D9E5739E2F47AD04E432C30 /* FilePanelView.swift in Sources */ = {isa = PBXBuildFile; fileRef = A2384162BAEF697035001D92 /* FilePanelView.swift */; };
		1F40CF8FC7C51DCD77F3C4E6 /* FileItemTests.swift in Sources */ = {isa = PBXBuildFile; fileRef = AFD68162CD4314AE29CC6F29 /* FileItemTests.swift */; };
		1FB7F267E0DF537DF40E2B8F /* VFSProvider.swift in Sources */ = {isa = PBXBuildFile; fileRef = D191D9CF5AECAA32C258E119 /* VFSProvider.swift */; };
		216979B74AD6CC7D7DDF761E /* SettingsService.swift in Sources */ = {isa = PBXBuildFile; fileRef = E3D29EAA4E46DE1A8BF50113 /* SettingsService.swift */; };
		2DF6EDAB7E772B2D13D84626 /* Extensions.swift in Sources */ = {isa = PBXBuildFile; fileRef = 72FC3FFD5054A8F1437B9343 /* Extensions.swift */; };
		2E7E123A1277173BA4C0F9C0 /* Assets.xcassets in Resources */ = {isa = PBXBuildFile; fileRef = 4B74631B4A0FFAA4E3739148 /* Assets.xcassets */; };
		3D4B883E66E0263786E7CCAA /* testProgressViewCopyingHalf.1.png in Resources */ = {isa = PBXBuildFile; fileRef = 15542DA7111B8B728CAB0BB0 /* testProgressViewCopyingHalf.1.png */; };
		535B3E501C1597B00FAFB1C4 /* SMBConnectUITests.swift in Sources */ = {isa = PBXBuildFile; fileRef = 3CC0244CBE78F9ECB94F33A2 /* SMBConnectUITests.swift */; };
		5BFFE3DF4AA4B3290253BB49 /* FileItem.swift in Sources */ = {isa = PBXBuildFile; fileRef = 35488D787578F510155111C1 /* FileItem.swift */; };
		6408C0ADD10BDFC836A692FF /* OtterTwinUITestCase.swift in Sources */ = {isa = PBXBuildFile; fileRef = 9619B178A00AA5D72BB20FEC /* OtterTwinUITestCase.swift */; };
		6CDFCECD9024B54F7398FD98 /* ChecksumServiceTests.swift in Sources */ = {isa = PBXBuildFile; fileRef = 249DA131B3BA20F1A0646312 /* ChecksumServiceTests.swift */; };
		6D00C1951D8B291C530B6667 /* ConnectionInfoTests.swift in Sources */ = {isa = PBXBuildFile; fileRef = B8357A888177612AE0C5D96F /* ConnectionInfoTests.swift */; };
		6D10BDD7581036C80627A0CB /* testProgressViewFailed.1.png in Resources */ = {isa = PBXBuildFile; fileRef = 251B4C495CB2359F87095A9A /* testProgressViewFailed.1.png */; };
		6E19FF66AC14C9711C1751EF /* MainView.swift in Sources */ = {isa = PBXBuildFile; fileRef = 72A2528D5DA3E0668F5052E8 /* MainView.swift */; };
		7133BA322F1082DE25145AE6 /* FileSortingTests.swift in Sources */ = {isa = PBXBuildFile; fileRef = F8061E056F3B2B21FC59C7D3 /* FileSortingTests.swift */; };
		78A96227594F7E28407D2C53 /* SMBService.swift in Sources */ = {isa = PBXBuildFile; fileRef = 3255FB702268303E805C6D6E /* SMBService.swift */; };
		7B79EEF2E71C0D51CA2FFB57 /* SettingsView.swift in Sources */ = {isa = PBXBuildFile; fileRef = F67CD1397FB940E3BC916CC0 /* SettingsView.swift */; };
		7BC346B8AE5261D974ED0B9A /* testProgressViewVerifying.1.png in Resources */ = {isa = PBXBuildFile; fileRef = CC1066A1211C00EF8DE355C4 /* testProgressViewVerifying.1.png */; };
		871800C0F7619085DE355171 /* testSMBConnectViewEmpty.1.png in Resources */ = {isa = PBXBuildFile; fileRef = 27D1458CE658A4DA6E931BF8 /* testSMBConnectViewEmpty.1.png */; };
		87FE373643697A9BEE7F04DE /* FileOperationServiceTests.swift in Sources */ = {isa = PBXBuildFile; fileRef = EAC9B3F192B42D565D52E0D2 /* FileOperationServiceTests.swift */; };
		89C7C627F61FF0FC0DF6E853 /* FileTableView.swift in Sources */ = {isa = PBXBuildFile; fileRef = C565DF821D8C725234A0FE64 /* FileTableView.swift */; };
		8BE4E9FD6530E0FEFF86A366 /* testSettingsViewChecksumDisabled.1.png in Resources */ = {isa = PBXBuildFile; fileRef = DCBF4F7E24CB4B99F5800788 /* testSettingsViewChecksumDisabled.1.png */; };
		8DAB438ED7AFF496E02881AE /* OperationProgressView.swift in Sources */ = {isa = PBXBuildFile; fileRef = 8C192A59603D6A2509ED873F /* OperationProgressView.swift */; };
		8FCFE2EB73ED8040D4305146 /* SettingsUITests.swift in Sources */ = {isa = PBXBuildFile; fileRef = 76A5BFAAC8554E44ADE75E16 /* SettingsUITests.swift */; };
		9475FF6A5F5BF4C423742380 /* ScopedAccess.swift in Sources */ = {isa = PBXBuildFile; fileRef = 34E1C077EFB6D6975C34C00A /* ScopedAccess.swift */; };
		9C0356F59623915276AC5E95 /* ToolbarView.swift in Sources */ = {isa = PBXBuildFile; fileRef = 5585948090F14B80DA374DE0 /* ToolbarView.swift */; };
		A255DC549EEA4AE0A444267B /* ConnectionInfo.swift in Sources */ = {isa = PBXBuildFile; fileRef = E3BAA5EE54E3E93CA2D6D11A /* ConnectionInfo.swift */; };
		AB7690B9BA74E9D1F2B4C83D /* OtterTwinApp.swift in Sources */ = {isa = PBXBuildFile; fileRef = E11A23A4824A418047396C46 /* OtterTwinApp.swift */; };
		ADB9BFCB0CC3457B792D845D /* testProgressViewComplete.1.png in Resources */ = {isa = PBXBuildFile; fileRef = 61CFEFB2792A2D5B3875FA9A /* testProgressViewComplete.1.png */; };
		AE937A04028310A67E810E23 /* FileTableUITests.swift in Sources */ = {isa = PBXBuildFile; fileRef = 8694ECAA0CE6147FD91F230D /* FileTableUITests.swift */; };
		B782BCB3A484CEF3ADA7DC90 /* SettingsServiceTests.swift in Sources */ = {isa = PBXBuildFile; fileRef = 989ED58B52A99CDA02CF6DF0 /* SettingsServiceTests.swift */; };
		B8C837F83F4CA7F7F0A49C48 /* testProgressViewPending.1.png in Resources */ = {isa = PBXBuildFile; fileRef = 1CF5E532FA7F06A4E112BF4E /* testProgressViewPending.1.png */; };
		BEDABEEB5ADE623FC6FA0A55 /* FileOperationService.swift in Sources */ = {isa = PBXBuildFile; fileRef = 81D227B86718B9FC4B6DCFBE /* FileOperationService.swift */; };
		C239EB549D8046A403BF24E0 /* ChecksumService.swift in Sources */ = {isa = PBXBuildFile; fileRef = A56B28E864E097A0B95E07AA /* ChecksumService.swift */; };
		C6D1F2FBBB7C7C2EF146376E /* AppLaunchTests.swift in Sources */ = {isa = PBXBuildFile; fileRef = 0AEBA331013F6D6202C76310 /* AppLaunchTests.swift */; };
		C7EC62F98790AB67186C00D4 /* ToolbarUITests.swift in Sources */ = {isa = PBXBuildFile; fileRef = 766E921915665BB3B8A63D3E /* ToolbarUITests.swift */; };
		D379D4EF72F094C98FAA8DA8 /* LocalProvider.swift in Sources */ = {isa = PBXBuildFile; fileRef = 58F6B55DD82AE2A0C3C87DAB /* LocalProvider.swift */; };
		DAC63B7F23A256C7331784A8 /* testProgressViewCancelled.1.png in Resources */ = {isa = PBXBuildFile; fileRef = 4482043EEF9AEFC1956E301F /* testProgressViewCancelled.1.png */; };
		E84235925D920304DF560BBD /* NetFS.framework in Frameworks */ = {isa = PBXBuildFile; fileRef = 9BC4388CCF1C6F3938345DB4 /* NetFS.framework */; };
		E9CB0EE345B1356705E01C1F /* SMBProvider.swift in Sources */ = {isa = PBXBuildFile; fileRef = 932156837B64DF92DF1C5058 /* SMBProvider.swift */; };
		F0841951BBA840F6521D2AA9 /* SMBConnectView.swift in Sources */ = {isa = PBXBuildFile; fileRef = 000C520A099AEBB457AB87AA /* SMBConnectView.swift */; };
		F70CA6674054AB7226792AC7 /* testProgressViewChecksumSkipped.1.png in Resources */ = {isa = PBXBuildFile; fileRef = 2E93A69F7FF8C4D8A922CDDD /* testProgressViewChecksumSkipped.1.png */; };
		FC4D0C63D4287A33182DA9EB /* testSettingsViewDefaults.1.png in Resources */ = {isa = PBXBuildFile; fileRef = 95C529FFE6FAA64E9FF5420D /* testSettingsViewDefaults.1.png */; };
/* End PBXBuildFile section */

/* Begin PBXContainerItemProxy section */
		870280173F5E6849481A5D33 /* PBXContainerItemProxy */ = {
			isa = PBXContainerItemProxy;
			containerPortal = 30C1CA676A60958C5EAF1E90 /* Project object */;
			proxyType = 1;
			remoteGlobalIDString = BA0E059C57A0CEFAFCBAD620;
			remoteInfo = OtterTwin;
		};
		F423ECA71225349A4405AF35 /* PBXContainerItemProxy */ = {
			isa = PBXContainerItemProxy;
			containerPortal = 30C1CA676A60958C5EAF1E90 /* Project object */;
			proxyType = 1;
			remoteGlobalIDString = BA0E059C57A0CEFAFCBAD620;
			remoteInfo = OtterTwin;
		};
/* End PBXContainerItemProxy section */

/* Begin PBXFileReference section */
		000C520A099AEBB457AB87AA /* SMBConnectView.swift */ = {isa = PBXFileReference; lastKnownFileType = sourcecode.swift; path = SMBConnectView.swift; sourceTree = "<group>"; };
		0AEBA331013F6D6202C76310 /* AppLaunchTests.swift */ = {isa = PBXFileReference; lastKnownFileType = sourcecode.swift; path = AppLaunchTests.swift; sourceTree = "<group>"; };
		0C258159133504A712DDC6B8 /* SnapshotTests.swift */ = {isa = PBXFileReference; lastKnownFileType = sourcecode.swift; path = SnapshotTests.swift; sourceTree = "<group>"; };
		15542DA7111B8B728CAB0BB0 /* testProgressViewCopyingHalf.1.png */ = {isa = PBXFileReference; lastKnownFileType = image.png; path = testProgressViewCopyingHalf.1.png; sourceTree = "<group>"; };
		1CF5E532FA7F06A4E112BF4E /* testProgressViewPending.1.png */ = {isa = PBXFileReference; lastKnownFileType = image.png; path = testProgressViewPending.1.png; sourceTree = "<group>"; };
		209010625CC0CD6A271DD2B6 /* OtterTwinTests.xctest */ = {isa = PBXFileReference; explicitFileType = wrapper.cfbundle; includeInIndex = 0; path = OtterTwinTests.xctest; sourceTree = BUILT_PRODUCTS_DIR; };
		249DA131B3BA20F1A0646312 /* ChecksumServiceTests.swift */ = {isa = PBXFileReference; lastKnownFileType = sourcecode.swift; path = ChecksumServiceTests.swift; sourceTree = "<group>"; };
		251B4C495CB2359F87095A9A /* testProgressViewFailed.1.png */ = {isa = PBXFileReference; lastKnownFileType = image.png; path = testProgressViewFailed.1.png; sourceTree = "<group>"; };
		27D1458CE658A4DA6E931BF8 /* testSMBConnectViewEmpty.1.png */ = {isa = PBXFileReference; lastKnownFileType = image.png; path = testSMBConnectViewEmpty.1.png; sourceTree = "<group>"; };
		2A867997FAE4C66F43D14EAA /* LocalProviderTests.swift */ = {isa = PBXFileReference; lastKnownFileType = sourcecode.swift; path = LocalProviderTests.swift; sourceTree = "<group>"; };
		2E93A69F7FF8C4D8A922CDDD /* testProgressViewChecksumSkipped.1.png */ = {isa = PBXFileReference; lastKnownFileType = image.png; path = testProgressViewChecksumSkipped.1.png; sourceTree = "<group>"; };
		3255FB702268303E805C6D6E /* SMBService.swift */ = {isa = PBXFileReference; lastKnownFileType = sourcecode.swift; path = SMBService.swift; sourceTree = "<group>"; };
		34E1C077EFB6D6975C34C00A /* ScopedAccess.swift */ = {isa = PBXFileReference; lastKnownFileType = sourcecode.swift; path = ScopedAccess.swift; sourceTree = "<group>"; };
		35488D787578F510155111C1 /* FileItem.swift */ = {isa = PBXFileReference; lastKnownFileType = sourcecode.swift; path = FileItem.swift; sourceTree = "<group>"; };
		3CC0244CBE78F9ECB94F33A2 /* SMBConnectUITests.swift */ = {isa = PBXFileReference; lastKnownFileType = sourcecode.swift; path = SMBConnectUITests.swift; sourceTree = "<group>"; };
		417C6C522CADBBF479E77687 /* OtterTwin.app */ = {isa = PBXFileReference; explicitFileType = wrapper.application; includeInIndex = 0; path = OtterTwin.app; sourceTree = BUILT_PRODUCTS_DIR; };
		4482043EEF9AEFC1956E301F /* testProgressViewCancelled.1.png */ = {isa = PBXFileReference; lastKnownFileType = image.png; path = testProgressViewCancelled.1.png; sourceTree = "<group>"; };
		4B74631B4A0FFAA4E3739148 /* Assets.xcassets */ = {isa = PBXFileReference; lastKnownFileType = folder.assetcatalog; path = Assets.xcassets; sourceTree = "<group>"; };
		5585948090F14B80DA374DE0 /* ToolbarView.swift */ = {isa = PBXFileReference; lastKnownFileType = sourcecode.swift; path = ToolbarView.swift; sourceTree = "<group>"; };
		58F6B55DD82AE2A0C3C87DAB /* LocalProvider.swift */ = {isa = PBXFileReference; lastKnownFileType = sourcecode.swift; path = LocalProvider.swift; sourceTree = "<group>"; };
		61CFEFB2792A2D5B3875FA9A /* testProgressViewComplete.1.png */ = {isa = PBXFileReference; lastKnownFileType = image.png; path = testProgressViewComplete.1.png; sourceTree = "<group>"; };
		72A2528D5DA3E0668F5052E8 /* MainView.swift */ = {isa = PBXFileReference; lastKnownFileType = sourcecode.swift; path = MainView.swift; sourceTree = "<group>"; };
		72FC3FFD5054A8F1437B9343 /* Extensions.swift */ = {isa = PBXFileReference; lastKnownFileType = sourcecode.swift; path = Extensions.swift; sourceTree = "<group>"; };
		766E921915665BB3B8A63D3E /* ToolbarUITests.swift */ = {isa = PBXFileReference; lastKnownFileType = sourcecode.swift; path = ToolbarUITests.swift; sourceTree = "<group>"; };
		76A5BFAAC8554E44ADE75E16 /* SettingsUITests.swift */ = {isa = PBXFileReference; lastKnownFileType = sourcecode.swift; path = SettingsUITests.swift; sourceTree = "<group>"; };
		7FDA53619E1DC972A8C478F5 /* FileOperation.swift */ = {isa = PBXFileReference; lastKnownFileType = sourcecode.swift; path = FileOperation.swift; sourceTree = "<group>"; };
		81D227B86718B9FC4B6DCFBE /* FileOperationService.swift */ = {isa = PBXFileReference; lastKnownFileType = sourcecode.swift; path = FileOperationService.swift; sourceTree = "<group>"; };
		8694ECAA0CE6147FD91F230D /* FileTableUITests.swift */ = {isa = PBXFileReference; lastKnownFileType = sourcecode.swift; path = FileTableUITests.swift; sourceTree = "<group>"; };
		8C192A59603D6A2509ED873F /* OperationProgressView.swift */ = {isa = PBXFileReference; lastKnownFileType = sourcecode.swift; path = OperationProgressView.swift; sourceTree = "<group>"; };
		932156837B64DF92DF1C5058 /* SMBProvider.swift */ = {isa = PBXFileReference; lastKnownFileType = sourcecode.swift; path = SMBProvider.swift; sourceTree = "<group>"; };
		95C529FFE6FAA64E9FF5420D /* testSettingsViewDefaults.1.png */ = {isa = PBXFileReference; lastKnownFileType = image.png; path = testSettingsViewDefaults.1.png; sourceTree = "<group>"; };
		9619B178A00AA5D72BB20FEC /* OtterTwinUITestCase.swift */ = {isa = PBXFileReference; lastKnownFileType = sourcecode.swift; path = OtterTwinUITestCase.swift; sourceTree = "<group>"; };
		989ED58B52A99CDA02CF6DF0 /* SettingsServiceTests.swift */ = {isa = PBXFileReference; lastKnownFileType = sourcecode.swift; path = SettingsServiceTests.swift; sourceTree = "<group>"; };
		9BC4388CCF1C6F3938345DB4 /* NetFS.framework */ = {isa = PBXFileReference; lastKnownFileType = wrapper.framework; path = NetFS.framework; sourceTree = "<group>"; };
		A2384162BAEF697035001D92 /* FilePanelView.swift */ = {isa = PBXFileReference; lastKnownFileType = sourcecode.swift; path = FilePanelView.swift; sourceTree = "<group>"; };
		A56B28E864E097A0B95E07AA /* ChecksumService.swift */ = {isa = PBXFileReference; lastKnownFileType = sourcecode.swift; path = ChecksumService.swift; sourceTree = "<group>"; };
		AFD68162CD4314AE29CC6F29 /* FileItemTests.swift */ = {isa = PBXFileReference; lastKnownFileType = sourcecode.swift; path = FileItemTests.swift; sourceTree = "<group>"; };
		B8357A888177612AE0C5D96F /* ConnectionInfoTests.swift */ = {isa = PBXFileReference; lastKnownFileType = sourcecode.swift; path = ConnectionInfoTests.swift; sourceTree = "<group>"; };
		C565DF821D8C725234A0FE64 /* FileTableView.swift */ = {isa = PBXFileReference; lastKnownFileType = sourcecode.swift; path = FileTableView.swift; sourceTree = "<group>"; };
		CC1066A1211C00EF8DE355C4 /* testProgressViewVerifying.1.png */ = {isa = PBXFileReference; lastKnownFileType = image.png; path = testProgressViewVerifying.1.png; sourceTree = "<group>"; };
		D191D9CF5AECAA32C258E119 /* VFSProvider.swift */ = {isa = PBXFileReference; lastKnownFileType = sourcecode.swift; path = VFSProvider.swift; sourceTree = "<group>"; };
		DCBF4F7E24CB4B99F5800788 /* testSettingsViewChecksumDisabled.1.png */ = {isa = PBXFileReference; lastKnownFileType = image.png; path = testSettingsViewChecksumDisabled.1.png; sourceTree = "<group>"; };
		E11A23A4824A418047396C46 /* OtterTwinApp.swift */ = {isa = PBXFileReference; lastKnownFileType = sourcecode.swift; path = OtterTwinApp.swift; sourceTree = "<group>"; };
		E3BAA5EE54E3E93CA2D6D11A /* ConnectionInfo.swift */ = {isa = PBXFileReference; lastKnownFileType = sourcecode.swift; path = ConnectionInfo.swift; sourceTree = "<group>"; };
		E3D29EAA4E46DE1A8BF50113 /* SettingsService.swift */ = {isa = PBXFileReference; lastKnownFileType = sourcecode.swift; path = SettingsService.swift; sourceTree = "<group>"; };
		EAC9B3F192B42D565D52E0D2 /* FileOperationServiceTests.swift */ = {isa = PBXFileReference; lastKnownFileType = sourcecode.swift; path = FileOperationServiceTests.swift; sourceTree = "<group>"; };
		F1E0B5596FB57E4AAEDACFD2 /* OtterTwinUITests.xctest */ = {isa = PBXFileReference; explicitFileType = wrapper.cfbundle; includeInIndex = 0; path = OtterTwinUITests.xctest; sourceTree = BUILT_PRODUCTS_DIR; };
		F67CD1397FB940E3BC916CC0 /* SettingsView.swift */ = {isa = PBXFileReference; lastKnownFileType = sourcecode.swift; path = SettingsView.swift; sourceTree = "<group>"; };
		F8061E056F3B2B21FC59C7D3 /* FileSortingTests.swift */ = {isa = PBXFileReference; lastKnownFileType = sourcecode.swift; path = FileSortingTests.swift; sourceTree = "<group>"; };
/* End PBXFileReference section */

/* Begin PBXFrameworksBuildPhase section */
		012C688F4A0A469A70CDDCEF /* Frameworks */ = {
			isa = PBXFrameworksBuildPhase;
			buildActionMask = 2147483647;
			files = (
				078037258161391163E30EE1 /* SnapshotTesting in Frameworks */,
			);
			runOnlyForDeploymentPostprocessing = 0;
		};
		0B8D5F85907738F6D0186860 /* Frameworks */ = {
			isa = PBXFrameworksBuildPhase;
			buildActionMask = 2147483647;
			files = (
				E84235925D920304DF560BBD /* NetFS.framework in Frameworks */,
			);
			runOnlyForDeploymentPostprocessing = 0;
		};
/* End PBXFrameworksBuildPhase section */

/* Begin PBXGroup section */
		16CA38E7AA45338EE824C57E /* Services */ = {
			isa = PBXGroup;
			children = (
				A56B28E864E097A0B95E07AA /* ChecksumService.swift */,
				81D227B86718B9FC4B6DCFBE /* FileOperationService.swift */,
				E3D29EAA4E46DE1A8BF50113 /* SettingsService.swift */,
				3255FB702268303E805C6D6E /* SMBService.swift */,
			);
			path = Services;
			sourceTree = "<group>";
		};
		16FF5CCB923192CB0B185FC2 /* __Snapshots__ */ = {
			isa = PBXGroup;
			children = (
				2068B3610C1E93B3911634CE /* SnapshotTests */,
			);
			path = __Snapshots__;
			sourceTree = "<group>";
		};
		1841D597D436B9EC7A2AB6D8 /* Frameworks */ = {
			isa = PBXGroup;
			children = (
				9BC4388CCF1C6F3938345DB4 /* NetFS.framework */,
			);
			name = Frameworks;
			sourceTree = "<group>";
		};
		2068B3610C1E93B3911634CE /* SnapshotTests */ = {
			isa = PBXGroup;
			children = (
				4482043EEF9AEFC1956E301F /* testProgressViewCancelled.1.png */,
				2E93A69F7FF8C4D8A922CDDD /* testProgressViewChecksumSkipped.1.png */,
				61CFEFB2792A2D5B3875FA9A /* testProgressViewComplete.1.png */,
				15542DA7111B8B728CAB0BB0 /* testProgressViewCopyingHalf.1.png */,
				251B4C495CB2359F87095A9A /* testProgressViewFailed.1.png */,
				1CF5E532FA7F06A4E112BF4E /* testProgressViewPending.1.png */,
				CC1066A1211C00EF8DE355C4 /* testProgressViewVerifying.1.png */,
				DCBF4F7E24CB4B99F5800788 /* testSettingsViewChecksumDisabled.1.png */,
				95C529FFE6FAA64E9FF5420D /* testSettingsViewDefaults.1.png */,
				27D1458CE658A4DA6E931BF8 /* testSMBConnectViewEmpty.1.png */,
			);
			path = SnapshotTests;
			sourceTree = "<group>";
		};
		2A307B90250B108FE23A069A /* OtterTwinUITests */ = {
			isa = PBXGroup;
			children = (
				0AEBA331013F6D6202C76310 /* AppLaunchTests.swift */,
				8694ECAA0CE6147FD91F230D /* FileTableUITests.swift */,
				9619B178A00AA5D72BB20FEC /* OtterTwinUITestCase.swift */,
				76A5BFAAC8554E44ADE75E16 /* SettingsUITests.swift */,
				3CC0244CBE78F9ECB94F33A2 /* SMBConnectUITests.swift */,
				766E921915665BB3B8A63D3E /* ToolbarUITests.swift */,
			);
			path = OtterTwinUITests;
			sourceTree = "<group>";
		};
		32CC9FF1C17AC36B9918E6ED /* Resources */ = {
			isa = PBXGroup;
			children = (
				4B74631B4A0FFAA4E3739148 /* Assets.xcassets */,
			);
			path = Resources;
			sourceTree = "<group>";
		};
		8760FC2BFCF0BA6ED0A382E6 /* Products */ = {
			isa = PBXGroup;
			children = (
				417C6C522CADBBF479E77687 /* OtterTwin.app */,
				209010625CC0CD6A271DD2B6 /* OtterTwinTests.xctest */,
				F1E0B5596FB57E4AAEDACFD2 /* OtterTwinUITests.xctest */,
			);
			name = Products;
			sourceTree = "<group>";
		};
		9098EDD1E9A26F171CA32A71 /* Views */ = {
			isa = PBXGroup;
			children = (
				A2384162BAEF697035001D92 /* FilePanelView.swift */,
				C565DF821D8C725234A0FE64 /* FileTableView.swift */,
				72A2528D5DA3E0668F5052E8 /* MainView.swift */,
				8C192A59603D6A2509ED873F /* OperationProgressView.swift */,
				F67CD1397FB940E3BC916CC0 /* SettingsView.swift */,
				000C520A099AEBB457AB87AA /* SMBConnectView.swift */,
				5585948090F14B80DA374DE0 /* ToolbarView.swift */,
			);
			path = Views;
			sourceTree = "<group>";
		};
		98ECA04F0BED953E51BF2B00 /* OtterTwinTests */ = {
			isa = PBXGroup;
			children = (
				249DA131B3BA20F1A0646312 /* ChecksumServiceTests.swift */,
				B8357A888177612AE0C5D96F /* ConnectionInfoTests.swift */,
				AFD68162CD4314AE29CC6F29 /* FileItemTests.swift */,
				EAC9B3F192B42D565D52E0D2 /* FileOperationServiceTests.swift */,
				F8061E056F3B2B21FC59C7D3 /* FileSortingTests.swift */,
				2A867997FAE4C66F43D14EAA /* LocalProviderTests.swift */,
				989ED58B52A99CDA02CF6DF0 /* SettingsServiceTests.swift */,
				0C258159133504A712DDC6B8 /* SnapshotTests.swift */,
				16FF5CCB923192CB0B185FC2 /* __Snapshots__ */,
			);
			path = OtterTwinTests;
			sourceTree = "<group>";
		};
		BAEED546002109C97927C692 /* Models */ = {
			isa = PBXGroup;
			children = (
				E3BAA5EE54E3E93CA2D6D11A /* ConnectionInfo.swift */,
				35488D787578F510155111C1 /* FileItem.swift */,
				7FDA53619E1DC972A8C478F5 /* FileOperation.swift */,
			);
			path = Models;
			sourceTree = "<group>";
		};
		C15AF7565577CD2AFC7C5067 /* App */ = {
			isa = PBXGroup;
			children = (
				E11A23A4824A418047396C46 /* OtterTwinApp.swift */,
			);
			path = App;
			sourceTree = "<group>";
		};
		DDE9341D941EB19DD95D9E04 = {
			isa = PBXGroup;
			children = (
				F85AA1407C092FE150AFBFAF /* OtterTwin */,
				98ECA04F0BED953E51BF2B00 /* OtterTwinTests */,
				2A307B90250B108FE23A069A /* OtterTwinUITests */,
				1841D597D436B9EC7A2AB6D8 /* Frameworks */,
				8760FC2BFCF0BA6ED0A382E6 /* Products */,
			);
			sourceTree = "<group>";
		};
		EC42D97F78C95CFF05E6250F /* VFS */ = {
			isa = PBXGroup;
			children = (
				72FC3FFD5054A8F1437B9343 /* Extensions.swift */,
				58F6B55DD82AE2A0C3C87DAB /* LocalProvider.swift */,
				34E1C077EFB6D6975C34C00A /* ScopedAccess.swift */,
				932156837B64DF92DF1C5058 /* SMBProvider.swift */,
				D191D9CF5AECAA32C258E119 /* VFSProvider.swift */,
			);
			path = VFS;
			sourceTree = "<group>";
		};
		F85AA1407C092FE150AFBFAF /* OtterTwin */ = {
			isa = PBXGroup;
			children = (
				C15AF7565577CD2AFC7C5067 /* App */,
				BAEED546002109C97927C692 /* Models */,
				32CC9FF1C17AC36B9918E6ED /* Resources */,
				16CA38E7AA45338EE824C57E /* Services */,
				EC42D97F78C95CFF05E6250F /* VFS */,
				9098EDD1E9A26F171CA32A71 /* Views */,
			);
			path = OtterTwin;
			sourceTree = "<group>";
		};
/* End PBXGroup section */

/* Begin PBXNativeTarget section */
		166AE9303E40D3A4470727DF /* OtterTwinUITests */ = {
			isa = PBXNativeTarget;
			buildConfigurationList = DE0C31E736966B13586D9752 /* Build configuration list for PBXNativeTarget "OtterTwinUITests" */;
			buildPhases = (
				9A749C097D5BE6A60BC63E69 /* Sources */,
			);
			buildRules = (
			);
			dependencies = (
				073240756524437024A650DF /* PBXTargetDependency */,
			);
			name = OtterTwinUITests;
			packageProductDependencies = (
			);
			productName = OtterTwinUITests;
			productReference = F1E0B5596FB57E4AAEDACFD2 /* OtterTwinUITests.xctest */;
			productType = "com.apple.product-type.bundle.ui-testing";
		};
		4AE4BCA6FC633C87BFD91EA4 /* OtterTwinTests */ = {
			isa = PBXNativeTarget;
			buildConfigurationList = BE4CD5F14CC2E8F8CD4BE2BE /* Build configuration list for PBXNativeTarget "OtterTwinTests" */;
			buildPhases = (
				E94C172005A7B338179C7A4E /* Sources */,
				E27BFA3643EF10C210026E41 /* Resources */,
				012C688F4A0A469A70CDDCEF /* Frameworks */,
			);
			buildRules = (
			);
			dependencies = (
				A023BA64AC294F1B52EE7A2E /* PBXTargetDependency */,
			);
			name = OtterTwinTests;
			packageProductDependencies = (
				9EFB1EB61338F8300F9B800A /* SnapshotTesting */,
			);
			productName = OtterTwinTests;
			productReference = 209010625CC0CD6A271DD2B6 /* OtterTwinTests.xctest */;
			productType = "com.apple.product-type.bundle.unit-test";
		};
		BA0E059C57A0CEFAFCBAD620 /* OtterTwin */ = {
			isa = PBXNativeTarget;
			buildConfigurationList = 390EEC82617B4E0DB51C4CCE /* Build configuration list for PBXNativeTarget "OtterTwin" */;
			buildPhases = (
				7211A09F4CED0C1E33AA9750 /* Sources */,
				393535C7F779C6DCEEF81875 /* Resources */,
				0B8D5F85907738F6D0186860 /* Frameworks */,
			);
			buildRules = (
			);
			dependencies = (
			);
			name = OtterTwin;
			packageProductDependencies = (
			);
			productName = OtterTwin;
			productReference = 417C6C522CADBBF479E77687 /* OtterTwin.app */;
			productType = "com.apple.product-type.application";
		};
/* End PBXNativeTarget section */

/* Begin PBXProject section */
		30C1CA676A60958C5EAF1E90 /* Project object */ = {
			isa = PBXProject;
			attributes = {
				BuildIndependentTargetsInParallel = YES;
				LastUpgradeCheck = 1640;
				TargetAttributes = {
					166AE9303E40D3A4470727DF = {
						TestTargetID = BA0E059C57A0CEFAFCBAD620;
					};
					BA0E059C57A0CEFAFCBAD620 = {
						DevelopmentTeam = "";
						ProvisioningStyle = Automatic;
					};
				};
			};
			buildConfigurationList = 3B299EFAD7449342E75E1D8E /* Build configuration list for PBXProject "OtterTwin" */;
			developmentRegion = en;
			hasScannedForEncodings = 0;
			knownRegions = (
				Base,
				en,
			);
			mainGroup = DDE9341D941EB19DD95D9E04;
			minimizedProjectReferenceProxies = 1;
			packageReferences = (
				DB60798B23CE948F7D422431 /* XCRemoteSwiftPackageReference "swift-snapshot-testing" */,
			);
			preferredProjectObjectVersion = 77;
			productRefGroup = 8760FC2BFCF0BA6ED0A382E6 /* Products */;
			projectDirPath = "";
			projectRoot = "";
			targets = (
				BA0E059C57A0CEFAFCBAD620 /* OtterTwin */,
				4AE4BCA6FC633C87BFD91EA4 /* OtterTwinTests */,
				166AE9303E40D3A4470727DF /* OtterTwinUITests */,
			);
		};
/* End PBXProject section */

/* Begin PBXResourcesBuildPhase section */
		393535C7F779C6DCEEF81875 /* Resources */ = {
			isa = PBXResourcesBuildPhase;
			buildActionMask = 2147483647;
			files = (
				2E7E123A1277173BA4C0F9C0 /* Assets.xcassets in Resources */,
			);
			runOnlyForDeploymentPostprocessing = 0;
		};
		E27BFA3643EF10C210026E41 /* Resources */ = {
			isa = PBXResourcesBuildPhase;
			buildActionMask = 2147483647;
			files = (
				DAC63B7F23A256C7331784A8 /* testProgressViewCancelled.1.png in Resources */,
				F70CA6674054AB7226792AC7 /* testProgressViewChecksumSkipped.1.png in Resources */,
				ADB9BFCB0CC3457B792D845D /* testProgressViewComplete.1.png in Resources */,
				3D4B883E66E0263786E7CCAA /* testProgressViewCopyingHalf.1.png in Resources */,
				6D10BDD7581036C80627A0CB /* testProgressViewFailed.1.png in Resources */,
				B8C837F83F4CA7F7F0A49C48 /* testProgressViewPending.1.png in Resources */,
				7BC346B8AE5261D974ED0B9A /* testProgressViewVerifying.1.png in Resources */,
				871800C0F7619085DE355171 /* testSMBConnectViewEmpty.1.png in Resources */,
				8BE4E9FD6530E0FEFF86A366 /* testSettingsViewChecksumDisabled.1.png in Resources */,
				FC4D0C63D4287A33182DA9EB /* testSettingsViewDefaults.1.png in Resources */,
			);
			runOnlyForDeploymentPostprocessing = 0;
		};
/* End PBXResourcesBuildPhase section */

/* Begin PBXSourcesBuildPhase section */
		7211A09F4CED0C1E33AA9750 /* Sources */ = {
			isa = PBXSourcesBuildPhase;
			buildActionMask = 2147483647;
			files = (
				C239EB549D8046A403BF24E0 /* ChecksumService.swift in Sources */,
				A255DC549EEA4AE0A444267B /* ConnectionInfo.swift in Sources */,
				2DF6EDAB7E772B2D13D84626 /* Extensions.swift in Sources */,
				5BFFE3DF4AA4B3290253BB49 /* FileItem.swift in Sources */,
				0A180D06E12A5978BF8F2B16 /* FileOperation.swift in Sources */,
				BEDABEEB5ADE623FC6FA0A55 /* FileOperationService.swift in Sources */,
				1D9E5739E2F47AD04E432C30 /* FilePanelView.swift in Sources */,
				89C7C627F61FF0FC0DF6E853 /* FileTableView.swift in Sources */,
				D379D4EF72F094C98FAA8DA8 /* LocalProvider.swift in Sources */,
				6E19FF66AC14C9711C1751EF /* MainView.swift in Sources */,
				8DAB438ED7AFF496E02881AE /* OperationProgressView.swift in Sources */,
				AB7690B9BA74E9D1F2B4C83D /* OtterTwinApp.swift in Sources */,
				F0841951BBA840F6521D2AA9 /* SMBConnectView.swift in Sources */,
				E9CB0EE345B1356705E01C1F /* SMBProvider.swift in Sources */,
				78A96227594F7E28407D2C53 /* SMBService.swift in Sources */,
				9475FF6A5F5BF4C423742380 /* ScopedAccess.swift in Sources */,
				216979B74AD6CC7D7DDF761E /* SettingsService.swift in Sources */,
				7B79EEF2E71C0D51CA2FFB57 /* SettingsView.swift in Sources */,
				9C0356F59623915276AC5E95 /* ToolbarView.swift in Sources */,
				1FB7F267E0DF537DF40E2B8F /* VFSProvider.swift in Sources */,
			);
			runOnlyForDeploymentPostprocessing = 0;
		};
		9A749C097D5BE6A60BC63E69 /* Sources */ = {
			isa = PBXSourcesBuildPhase;
			buildActionMask = 2147483647;
			files = (
				C6D1F2FBBB7C7C2EF146376E /* AppLaunchTests.swift in Sources */,
				AE937A04028310A67E810E23 /* FileTableUITests.swift in Sources */,
				6408C0ADD10BDFC836A692FF /* OtterTwinUITestCase.swift in Sources */,
				535B3E501C1597B00FAFB1C4 /* SMBConnectUITests.swift in Sources */,
				8FCFE2EB73ED8040D4305146 /* SettingsUITests.swift in Sources */,
				C7EC62F98790AB67186C00D4 /* ToolbarUITests.swift in Sources */,
			);
			runOnlyForDeploymentPostprocessing = 0;
		};
		E94C172005A7B338179C7A4E /* Sources */ = {
			isa = PBXSourcesBuildPhase;
			buildActionMask = 2147483647;
			files = (
				6CDFCECD9024B54F7398FD98 /* ChecksumServiceTests.swift in Sources */,
				6D00C1951D8B291C530B6667 /* ConnectionInfoTests.swift in Sources */,
				1F40CF8FC7C51DCD77F3C4E6 /* FileItemTests.swift in Sources */,
				87FE373643697A9BEE7F04DE /* FileOperationServiceTests.swift in Sources */,
				7133BA322F1082DE25145AE6 /* FileSortingTests.swift in Sources */,
				0AA16FCDBD2F27B146DBBE47 /* LocalProviderTests.swift in Sources */,
				B782BCB3A484CEF3ADA7DC90 /* SettingsServiceTests.swift in Sources */,
				0F6DA42A62DD58912A26D07F /* SnapshotTests.swift in Sources */,
			);
			runOnlyForDeploymentPostprocessing = 0;
		};
/* End PBXSourcesBuildPhase section */

/* Begin PBXTargetDependency section */
		073240756524437024A650DF /* PBXTargetDependency */ = {
			isa = PBXTargetDependency;
			target = BA0E059C57A0CEFAFCBAD620 /* OtterTwin */;
			targetProxy = 870280173F5E6849481A5D33 /* PBXContainerItemProxy */;
		};
		A023BA64AC294F1B52EE7A2E /* PBXTargetDependency */ = {
			isa = PBXTargetDependency;
			target = BA0E059C57A0CEFAFCBAD620 /* OtterTwin */;
			targetProxy = F423ECA71225349A4405AF35 /* PBXContainerItemProxy */;
		};
/* End PBXTargetDependency section */

/* Begin XCBuildConfiguration section */
		1A0F532A9B6A7F99953D8A07 /* Release */ = {
			isa = XCBuildConfiguration;
			buildSettings = {
				BUNDLE_LOADER = "$(TEST_HOST)";
				COMBINE_HIDPI_IMAGES = YES;
				GENERATE_INFOPLIST_FILE = YES;
				LD_RUNPATH_SEARCH_PATHS = (
					"$(inherited)",
					"@executable_path/../Frameworks",
					"@loader_path/../Frameworks",
				);
				PRODUCT_BUNDLE_IDENTIFIER = com.mas.ottertwinTests;
				SDKROOT = macosx;
				TEST_HOST = "$(BUILT_PRODUCTS_DIR)/OtterTwin.app/Contents/MacOS/OtterTwin";
			};
			name = Release;
		};
		1A980D32B0FAD32A7E307038 /* Debug */ = {
			isa = XCBuildConfiguration;
			buildSettings = {
				ASSETCATALOG_COMPILER_APPICON_NAME = AppIcon;
				CODE_SIGN_ENTITLEMENTS = OtterTwin/Resources/OtterTwin.entitlements;
				CODE_SIGN_STYLE = Automatic;
				COMBINE_HIDPI_IMAGES = YES;
				DEVELOPMENT_TEAM = "";
				FRAMEWORK_SEARCH_PATHS = (
					"$(inherited)",
					"\".\"",
				);
				GENERATE_INFOPLIST_FILE = YES;
				INFOPLIST_KEY_CFBundleDisplayName = OtterTwin;
				INFOPLIST_KEY_NSHumanReadableCopyright = "";
				LD_RUNPATH_SEARCH_PATHS = (
					"$(inherited)",
					"@executable_path/../Frameworks",
				);
				PRODUCT_BUNDLE_IDENTIFIER = com.mas.ottertwin;
				SDKROOT = macosx;
			};
			name = Debug;
		};
		369E47D84C04353887A17567 /* Debug */ = {
			isa = XCBuildConfiguration;
			buildSettings = {
				BUNDLE_LOADER = "$(TEST_HOST)";
				COMBINE_HIDPI_IMAGES = YES;
				GENERATE_INFOPLIST_FILE = YES;
				LD_RUNPATH_SEARCH_PATHS = (
					"$(inherited)",
					"@executable_path/../Frameworks",
					"@loader_path/../Frameworks",
				);
				PRODUCT_BUNDLE_IDENTIFIER = com.mas.ottertwinTests;
				SDKROOT = macosx;
				TEST_HOST = "$(BUILT_PRODUCTS_DIR)/OtterTwin.app/Contents/MacOS/OtterTwin";
			};
			name = Debug;
		};
		7BA59B51610A1C9CEBE6A2E4 /* Release */ = {
			isa = XCBuildConfiguration;
			buildSettings = {
				BUNDLE_LOADER = "$(TEST_HOST)";
				COMBINE_HIDPI_IMAGES = YES;
				GENERATE_INFOPLIST_FILE = YES;
				LD_RUNPATH_SEARCH_PATHS = (
					"$(inherited)",
					"@executable_path/Frameworks",
					"@loader_path/Frameworks",
				);
				PRODUCT_BUNDLE_IDENTIFIER = com.mas.ottertwinUITests;
				SDKROOT = macosx;
				TEST_TARGET_NAME = OtterTwin;
			};
			name = Release;
		};
		86607AAD5B97D2C7CF32538E /* Release */ = {
			isa = XCBuildConfiguration;
			buildSettings = {
				ALWAYS_SEARCH_USER_PATHS = NO;
				CLANG_ANALYZER_NONNULL = YES;
				CLANG_ANALYZER_NUMBER_OBJECT_CONVERSION = YES_AGGRESSIVE;
				CLANG_CXX_LANGUAGE_STANDARD = "gnu++14";
				CLANG_CXX_LIBRARY = "libc++";
				CLANG_ENABLE_MODULES = YES;
				CLANG_ENABLE_OBJC_ARC = YES;
				CLANG_ENABLE_OBJC_WEAK = YES;
				CLANG_WARN_BLOCK_CAPTURE_AUTORELEASING = YES;
				CLANG_WARN_BOOL_CONVERSION = YES;
				CLANG_WARN_COMMA = YES;
				CLANG_WARN_CONSTANT_CONVERSION = YES;
				CLANG_WARN_DEPRECATED_OBJC_IMPLEMENTATIONS = YES;
				CLANG_WARN_DIRECT_OBJC_ISA_USAGE = YES_ERROR;
				CLANG_WARN_DOCUMENTATION_COMMENTS = YES;
				CLANG_WARN_EMPTY_BODY = YES;
				CLANG_WARN_ENUM_CONVERSION = YES;
				CLANG_WARN_INFINITE_RECURSION = YES;
				CLANG_WARN_INT_CONVERSION = YES;
				CLANG_WARN_NON_LITERAL_NULL_CONVERSION = YES;
				CLANG_WARN_OBJC_IMPLICIT_RETAIN_SELF = YES;
				CLANG_WARN_OBJC_LITERAL_CONVERSION = YES;
				CLANG_WARN_OBJC_ROOT_CLASS = YES_ERROR;
				CLANG_WARN_QUOTED_INCLUDE_IN_FRAMEWORK_HEADER = YES;
				CLANG_WARN_RANGE_LOOP_ANALYSIS = YES;
				CLANG_WARN_STRICT_PROTOTYPES = YES;
				CLANG_WARN_SUSPICIOUS_MOVE = YES;
				CLANG_WARN_UNGUARDED_AVAILABILITY = YES_AGGRESSIVE;
				CLANG_WARN_UNREACHABLE_CODE = YES;
				CLANG_WARN__DUPLICATE_METHOD_MATCH = YES;
				COPY_PHASE_STRIP = NO;
				DEBUG_INFORMATION_FORMAT = "dwarf-with-dsym";
				ENABLE_HARDENED_RUNTIME = YES;
				ENABLE_NS_ASSERTIONS = NO;
				ENABLE_STRICT_OBJC_MSGSEND = YES;
				GCC_C_LANGUAGE_STANDARD = gnu11;
				GCC_NO_COMMON_BLOCKS = YES;
				GCC_WARN_64_TO_32_BIT_CONVERSION = YES;
				GCC_WARN_ABOUT_RETURN_TYPE = YES_ERROR;
				GCC_WARN_UNDECLARED_SELECTOR = YES;
				GCC_WARN_UNINITIALIZED_AUTOS = YES_AGGRESSIVE;
				GCC_WARN_UNUSED_FUNCTION = YES;
				GCC_WARN_UNUSED_VARIABLE = YES;
				MACOSX_DEPLOYMENT_TARGET = 14.0;
				MTL_ENABLE_DEBUG_INFO = NO;
				MTL_FAST_MATH = YES;
				PRODUCT_NAME = "$(TARGET_NAME)";
				SDKROOT = macosx;
				SWIFT_COMPILATION_MODE = wholemodule;
				SWIFT_OPTIMIZATION_LEVEL = "-O";
				SWIFT_VERSION = 5.10;
			};
			name = Release;
		};
		87660E0C5004996A7598CFBB /* Debug */ = {
			isa = XCBuildConfiguration;
			buildSettings = {
				ALWAYS_SEARCH_USER_PATHS = NO;
				CLANG_ANALYZER_NONNULL = YES;
				CLANG_ANALYZER_NUMBER_OBJECT_CONVERSION = YES_AGGRESSIVE;
				CLANG_CXX_LANGUAGE_STANDARD = "gnu++14";
				CLANG_CXX_LIBRARY = "libc++";
				CLANG_ENABLE_MODULES = YES;
				CLANG_ENABLE_OBJC_ARC = YES;
				CLANG_ENABLE_OBJC_WEAK = YES;
				CLANG_WARN_BLOCK_CAPTURE_AUTORELEASING = YES;
				CLANG_WARN_BOOL_CONVERSION = YES;
				CLANG_WARN_COMMA = YES;
				CLANG_WARN_CONSTANT_CONVERSION = YES;
				CLANG_WARN_DEPRECATED_OBJC_IMPLEMENTATIONS = YES;
				CLANG_WARN_DIRECT_OBJC_ISA_USAGE = YES_ERROR;
				CLANG_WARN_DOCUMENTATION_COMMENTS = YES;
				CLANG_WARN_EMPTY_BODY = YES;
				CLANG_WARN_ENUM_CONVERSION = YES;
				CLANG_WARN_INFINITE_RECURSION = YES;
				CLANG_WARN_INT_CONVERSION = YES;
				CLANG_WARN_NON_LITERAL_NULL_CONVERSION = YES;
				CLANG_WARN_OBJC_IMPLICIT_RETAIN_SELF = YES;
				CLANG_WARN_OBJC_LITERAL_CONVERSION = YES;
				CLANG_WARN_OBJC_ROOT_CLASS = YES_ERROR;
				CLANG_WARN_QUOTED_INCLUDE_IN_FRAMEWORK_HEADER = YES;
				CLANG_WARN_RANGE_LOOP_ANALYSIS = YES;
				CLANG_WARN_STRICT_PROTOTYPES = YES;
				CLANG_WARN_SUSPICIOUS_MOVE = YES;
				CLANG_WARN_UNGUARDED_AVAILABILITY = YES_AGGRESSIVE;
				CLANG_WARN_UNREACHABLE_CODE = YES;
				CLANG_WARN__DUPLICATE_METHOD_MATCH = YES;
				COPY_PHASE_STRIP = NO;
				DEBUG_INFORMATION_FORMAT = dwarf;
				ENABLE_HARDENED_RUNTIME = YES;
				ENABLE_STRICT_OBJC_MSGSEND = YES;
				ENABLE_TESTABILITY = YES;
				GCC_C_LANGUAGE_STANDARD = gnu11;
				GCC_DYNAMIC_NO_PIC = NO;
				GCC_NO_COMMON_BLOCKS = YES;
				GCC_OPTIMIZATION_LEVEL = 0;
				GCC_PREPROCESSOR_DEFINITIONS = (
					"$(inherited)",
					"DEBUG=1",
				);
				GCC_WARN_64_TO_32_BIT_CONVERSION = YES;
				GCC_WARN_ABOUT_RETURN_TYPE = YES_ERROR;
				GCC_WARN_UNDECLARED_SELECTOR = YES;
				GCC_WARN_UNINITIALIZED_AUTOS = YES_AGGRESSIVE;
				GCC_WARN_UNUSED_FUNCTION = YES;
				GCC_WARN_UNUSED_VARIABLE = YES;
				MACOSX_DEPLOYMENT_TARGET = 14.0;
				MTL_ENABLE_DEBUG_INFO = INCLUDE_SOURCE;
				MTL_FAST_MATH = YES;
				ONLY_ACTIVE_ARCH = YES;
				PRODUCT_NAME = "$(TARGET_NAME)";
				SDKROOT = macosx;
				SWIFT_ACTIVE_COMPILATION_CONDITIONS = DEBUG;
				SWIFT_OPTIMIZATION_LEVEL = "-Onone";
				SWIFT_VERSION = 5.10;
			};
			name = Debug;
		};
		BECA8E6187007E3D4F715E82 /* Debug */ = {
			isa = XCBuildConfiguration;
			buildSettings = {
				BUNDLE_LOADER = "$(TEST_HOST)";
				COMBINE_HIDPI_IMAGES = YES;
				GENERATE_INFOPLIST_FILE = YES;
				LD_RUNPATH_SEARCH_PATHS = (
					"$(inherited)",
					"@executable_path/Frameworks",
					"@loader_path/Frameworks",
				);
				PRODUCT_BUNDLE_IDENTIFIER = com.mas.ottertwinUITests;
				SDKROOT = macosx;
				TEST_TARGET_NAME = OtterTwin;
			};
			name = Debug;
		};
		C1FB89A87BC07FBABF8A382D /* Release */ = {
			isa = XCBuildConfiguration;
			buildSettings = {
				ASSETCATALOG_COMPILER_APPICON_NAME = AppIcon;
				CODE_SIGN_ENTITLEMENTS = OtterTwin/Resources/OtterTwin.entitlements;
				CODE_SIGN_STYLE = Automatic;
				COMBINE_HIDPI_IMAGES = YES;
				DEVELOPMENT_TEAM = "";
				FRAMEWORK_SEARCH_PATHS = (
					"$(inherited)",
					"\".\"",
				);
				GENERATE_INFOPLIST_FILE = YES;
				INFOPLIST_KEY_CFBundleDisplayName = OtterTwin;
				INFOPLIST_KEY_NSHumanReadableCopyright = "";
				LD_RUNPATH_SEARCH_PATHS = (
					"$(inherited)",
					"@executable_path/../Frameworks",
				);
				PRODUCT_BUNDLE_IDENTIFIER = com.mas.ottertwin;
				SDKROOT = macosx;
			};
			name = Release;
		};
/* End XCBuildConfiguration section */

/* Begin XCConfigurationList section */
		390EEC82617B4E0DB51C4CCE /* Build configuration list for PBXNativeTarget "OtterTwin" */ = {
			isa = XCConfigurationList;
			buildConfigurations = (
				1A980D32B0FAD32A7E307038 /* Debug */,
				C1FB89A87BC07FBABF8A382D /* Release */,
			);
			defaultConfigurationIsVisible = 0;
			defaultConfigurationName = Debug;
		};
		3B299EFAD7449342E75E1D8E /* Build configuration list for PBXProject "OtterTwin" */ = {
			isa = XCConfigurationList;
			buildConfigurations = (
				87660E0C5004996A7598CFBB /* Debug */,
				86607AAD5B97D2C7CF32538E /* Release */,
			);
			defaultConfigurationIsVisible = 0;
			defaultConfigurationName = Debug;
		};
		BE4CD5F14CC2E8F8CD4BE2BE /* Build configuration list for PBXNativeTarget "OtterTwinTests" */ = {
			isa = XCConfigurationList;
			buildConfigurations = (
				369E47D84C04353887A17567 /* Debug */,
				1A0F532A9B6A7F99953D8A07 /* Release */,
			);
			defaultConfigurationIsVisible = 0;
			defaultConfigurationName = Debug;
		};
		DE0C31E736966B13586D9752 /* Build configuration list for PBXNativeTarget "OtterTwinUITests" */ = {
			isa = XCConfigurationList;
			buildConfigurations = (
				BECA8E6187007E3D4F715E82 /* Debug */,
				7BA59B51610A1C9CEBE6A2E4 /* Release */,
			);
			defaultConfigurationIsVisible = 0;
			defaultConfigurationName = Debug;
		};
/* End XCConfigurationList section */

/* Begin XCRemoteSwiftPackageReference section */
		DB60798B23CE948F7D422431 /* XCRemoteSwiftPackageReference "swift-snapshot-testing" */ = {
			isa = XCRemoteSwiftPackageReference;
			repositoryURL = "https://github.com/pointfreeco/swift-snapshot-testing";
			requirement = {
				kind = upToNextMajorVersion;
				minimumVersion = 1.17.0;
			};
		};
/* End XCRemoteSwiftPackageReference section */

/* Begin XCSwiftPackageProductDependency section */
		9EFB1EB61338F8300F9B800A /* SnapshotTesting */ = {
			isa = XCSwiftPackageProductDependency;
			package = DB60798B23CE948F7D422431 /* XCRemoteSwiftPackageReference "swift-snapshot-testing" */;
			productName = SnapshotTesting;
		};
/* End XCSwiftPackageProductDependency section */
	};
	rootObject = 30C1CA676A60958C5EAF1E90 /* Project object */;
}
